{
  "version": "4",
  "specifiers": {
    "jsr:@std/fmt@*": "1.0.3",
    "jsr:@std/fmt@^1.0.3": "1.0.3",
    "npm:@types/unicode-properties@*": "1.3.2",
    "npm:unicode-properties@^1.4.1": "1.4.1"
  },
  "jsr": {
    "@std/fmt@1.0.3": {
      "integrity": "97765c16aa32245ff4e2204ecf7d8562496a3cb8592340a80e7e554e0bb9149f"
    }
  },
  "npm": {
    "@types/unicode-properties@1.3.2": {
      "integrity": "sha512-1gq48yvPn+sdJqG4tARHoQbVYyFCrV92gZdl2100vcP9n/u4nGIeLnxYyrTLWHQRhJYpc/w4SNDXUrKTjvEfRA=="
    },
    "base64-js@1.5.1": {
      "integrity": "sha512-AKpaYlHn8t4SVbOHCy+b5+KKgvR4vrsD8vbvrbiQJps7fKDTkjkDry6ji0rUJjC0kzbNePLwzxq8iypo41qeWA=="
    },
    "pako@0.2.9": {
      "integrity": "sha512-NUcwaKxUxWrZLpDG+z/xZaCgQITkA/Dv4V/T6bw7VON6l1Xz/VnrBqrYjZQ12TamKHzITTfOEIYUj48y2KXImA=="
    },
    "tiny-inflate@1.0.3": {
      "integrity": "sha512-pkY1fj1cKHb2seWDy0B16HeWyczlJA9/WW3u3c4z/NiWDsO3DOU5D7nhTLE9CF0yXv/QZFY7sEJmj24dK+Rrqw=="
    },
    "unicode-properties@1.4.1": {
      "integrity": "sha512-CLjCCLQ6UuMxWnbIylkisbRj31qxHPAurvena/0iwSVbQ2G1VY5/HjV0IRabOEbDHlzZlRdCrD4NhB0JtU40Pg==",
      "dependencies": [
        "base64-js",
        "unicode-trie"
      ]
    },
    "unicode-trie@2.0.0": {
      "integrity": "sha512-x7bc76x0bm4prf1VLg79uhAzKw8DVboClSN5VxJuQ+LKDOVEW9CdH+VY7SP+vX7xCYQqzzgQpFqz15zeLvAtZQ==",
      "dependencies": [
        "pako",
        "tiny-inflate"
      ]
    }
  },
  "workspace": {
    "dependencies": [
      "jsr:@std/fmt@^1.0.3",
      "npm:unicode-properties@^1.4.1"
    ]
  }
}
